
Microsoft Visual Studio Solution File, Format Version 12.00
# Visual Studio Version 17
VisualStudioVersion = 17.8.34511.84
MinimumVisualStudioVersion = 10.0.40219.1
Project("{FAE04EC0-301F-11D3-BF4B-00C04F79EFBC}") = "Modern.Claculator", "Modern.Claculator\Modern.Claculator.csproj", "{0F5D3885-1A87-4085-83B0-66FCE0694572}"
EndProject
Global
	GlobalSection(SolutionConfigurationPlatforms) = preSolution
		Debug|Any CPU = Debug|Any CPU
		Release|Any CPU = Release|Any CPU
	EndGlobalSection
	GlobalSection(ProjectConfigurationPlatforms) = postSolution
		{0F5D3885-1A87-4085-83B0-66FCE0694572}.Debug|Any CPU.ActiveCfg = Debug|Any CPU
		{0F5D3885-1A87-4085-83B0-66FCE0694572}.Debug|Any CPU.Build.0 = Debug|Any CPU
		{0F5D3885-1A87-4085-83B0-66FCE0694572}.Release|Any CPU.ActiveCfg = Release|Any CPU
		{0F5D3885-1A87-4085-83B0-66FCE0694572}.Release|Any CPU.Build.0 = Release|Any CPU
	EndGlobalSection
	GlobalSection(SolutionProperties) = preSolution
		HideSolutionNode = FALSE
	EndGlobalSection
	GlobalSection(ExtensibilityGlobals) = postSolution
		SolutionGuid = {73D202DF-5858-46A6-87C8-FDD6380F0D38}
	EndGlobalSection
EndGlobal
