
Microsoft Visual Studio Solution File, Format Version 12.00
# Visual Studio Version 17
VisualStudioVersion = 17.8.34511.84
MinimumVisualStudioVersion = 10.0.40219.1
Project("{FAE04EC0-301F-11D3-BF4B-00C04F79EFBC}") = "College Management", "College Management.csproj", "{833CC67D-C26C-45DE-AD95-F8BB389BB94A}"
EndProject
Global
	GlobalSection(SolutionConfigurationPlatforms) = preSolution
		Debug|Any CPU = Debug|Any CPU
		Release|Any CPU = Release|Any CPU
	EndGlobalSection
	GlobalSection(ProjectConfigurationPlatforms) = postSolution
		{833CC67D-C26C-45DE-AD95-F8BB389BB94A}.Debug|Any CPU.ActiveCfg = Debug|Any CPU
		{833CC67D-C26C-45DE-AD95-F8BB389BB94A}.Debug|Any CPU.Build.0 = Debug|Any CPU
		{833CC67D-C26C-45DE-AD95-F8BB389BB94A}.Release|Any CPU.ActiveCfg = Release|Any CPU
		{833CC67D-C26C-45DE-AD95-F8BB389BB94A}.Release|Any CPU.Build.0 = Release|Any CPU
	EndGlobalSection
	GlobalSection(SolutionProperties) = preSolution
		HideSolutionNode = FALSE
	EndGlobalSection
	GlobalSection(ExtensibilityGlobals) = postSolution
		SolutionGuid = {1A514256-9DBB-44D5-8A9F-13EB36EBEFE4}
	EndGlobalSection
EndGlobal
